
Microsoft Visual Studio Solution File, Format Version 12.00
# Visual Studio Version 16
VisualStudioVersion = 16.0.31025.194
MinimumVisualStudioVersion = 10.0.40219.1
Project("{FAE04EC0-301F-11D3-BF4B-00C04F79EFBC}") = "kusanovicLenardSpremanjePrikazFiltriranjeXML", "kusanovicLenardSpremanjePrikazFiltriranjeXML\kusanovicLenardSpremanjePrikazFiltriranjeXML.csproj", "{2DD4F0BD-625A-4AC4-A00C-05481555C411}"
EndProject
Global
	GlobalSection(SolutionConfigurationPlatforms) = preSolution
		Debug|Any CPU = Debug|Any CPU
		Release|Any CPU = Release|Any CPU
	EndGlobalSection
	GlobalSection(ProjectConfigurationPlatforms) = postSolution
		{2DD4F0BD-625A-4AC4-A00C-05481555C411}.Debug|Any CPU.ActiveCfg = Debug|Any CPU
		{2DD4F0BD-625A-4AC4-A00C-05481555C411}.Debug|Any CPU.Build.0 = Debug|Any CPU
		{2DD4F0BD-625A-4AC4-A00C-05481555C411}.Release|Any CPU.ActiveCfg = Release|Any CPU
		{2DD4F0BD-625A-4AC4-A00C-05481555C411}.Release|Any CPU.Build.0 = Release|Any CPU
	EndGlobalSection
	GlobalSection(SolutionProperties) = preSolution
		HideSolutionNode = FALSE
	EndGlobalSection
	GlobalSection(ExtensibilityGlobals) = postSolution
		SolutionGuid = {D2AB217F-34D1-4A2D-A806-406634EF8276}
	EndGlobalSection
EndGlobal
